
Microsoft Visual Studio Solution File, Format Version 12.00
# Visual Studio 15
VisualStudioVersion = 15.0.27703.2026
MinimumVisualStudioVersion = 10.0.40219.1
Project("{9A19103F-16F7-4668-BE54-9A1E7A4F7556}") = "ExoNet.WebApp", "ExoNet.WebApp\ExoNet.WebApp.csproj", "{B5CBF20A-DB19-466F-BC3A-3ED232230965}"
	ProjectSection(ProjectDependencies) = postProject
		{5F2EBE39-D078-41C5-A375-2C496222CB95} = {5F2EBE39-D078-41C5-A375-2C496222CB95}
		{79BA1045-E2C0-4A11-B1DE-170BE04B3A25} = {79BA1045-E2C0-4A11-B1DE-170BE04B3A25}
	EndProjectSection
EndProject
Project("{9A19103F-16F7-4668-BE54-9A1E7A4F7556}") = "ExoNet.WebApp.WebService", "ExoNet.WebApp.WebService\ExoNet.WebApp.WebService.csproj", "{5F2EBE39-D078-41C5-A375-2C496222CB95}"
EndProject
Project("{9A19103F-16F7-4668-BE54-9A1E7A4F7556}") = "ExoNet.WebApp.SecuredWebService", "ExoNet.WebApp.SecuredWebService\ExoNet.WebApp.SecuredWebService.csproj", "{79BA1045-E2C0-4A11-B1DE-170BE04B3A25}"
EndProject
Project("{9A19103F-16F7-4668-BE54-9A1E7A4F7556}") = "ExoNet.WebApp.Security", "ExoNet.WebApp.Security\ExoNet.WebApp.Security.csproj", "{329081C3-9AF5-4128-9954-10F3CE4BDC6D}"
EndProject
Project("{9A19103F-16F7-4668-BE54-9A1E7A4F7556}") = "ExoNet.WebApp.Security.Test", "ExoNet.WebApp.Security.Test\ExoNet.WebApp.Security.Test.csproj", "{693D920B-837E-463C-87AA-93527E06A1D7}"
EndProject
Global
	GlobalSection(SolutionConfigurationPlatforms) = preSolution
		Debug|Any CPU = Debug|Any CPU
		Release|Any CPU = Release|Any CPU
	EndGlobalSection
	GlobalSection(ProjectConfigurationPlatforms) = postSolution
		{B5CBF20A-DB19-466F-BC3A-3ED232230965}.Debug|Any CPU.ActiveCfg = Debug|Any CPU
		{B5CBF20A-DB19-466F-BC3A-3ED232230965}.Debug|Any CPU.Build.0 = Debug|Any CPU
		{B5CBF20A-DB19-466F-BC3A-3ED232230965}.Release|Any CPU.ActiveCfg = Release|Any CPU
		{B5CBF20A-DB19-466F-BC3A-3ED232230965}.Release|Any CPU.Build.0 = Release|Any CPU
		{5F2EBE39-D078-41C5-A375-2C496222CB95}.Debug|Any CPU.ActiveCfg = Debug|Any CPU
		{5F2EBE39-D078-41C5-A375-2C496222CB95}.Debug|Any CPU.Build.0 = Debug|Any CPU
		{5F2EBE39-D078-41C5-A375-2C496222CB95}.Release|Any CPU.ActiveCfg = Release|Any CPU
		{5F2EBE39-D078-41C5-A375-2C496222CB95}.Release|Any CPU.Build.0 = Release|Any CPU
		{79BA1045-E2C0-4A11-B1DE-170BE04B3A25}.Debug|Any CPU.ActiveCfg = Debug|Any CPU
		{79BA1045-E2C0-4A11-B1DE-170BE04B3A25}.Debug|Any CPU.Build.0 = Debug|Any CPU
		{79BA1045-E2C0-4A11-B1DE-170BE04B3A25}.Release|Any CPU.ActiveCfg = Release|Any CPU
		{79BA1045-E2C0-4A11-B1DE-170BE04B3A25}.Release|Any CPU.Build.0 = Release|Any CPU
		{329081C3-9AF5-4128-9954-10F3CE4BDC6D}.Debug|Any CPU.ActiveCfg = Debug|Any CPU
		{329081C3-9AF5-4128-9954-10F3CE4BDC6D}.Debug|Any CPU.Build.0 = Debug|Any CPU
		{329081C3-9AF5-4128-9954-10F3CE4BDC6D}.Release|Any CPU.ActiveCfg = Release|Any CPU
		{329081C3-9AF5-4128-9954-10F3CE4BDC6D}.Release|Any CPU.Build.0 = Release|Any CPU
		{693D920B-837E-463C-87AA-93527E06A1D7}.Debug|Any CPU.ActiveCfg = Debug|Any CPU
		{693D920B-837E-463C-87AA-93527E06A1D7}.Debug|Any CPU.Build.0 = Debug|Any CPU
		{693D920B-837E-463C-87AA-93527E06A1D7}.Release|Any CPU.ActiveCfg = Release|Any CPU
		{693D920B-837E-463C-87AA-93527E06A1D7}.Release|Any CPU.Build.0 = Release|Any CPU
	EndGlobalSection
	GlobalSection(SolutionProperties) = preSolution
		HideSolutionNode = FALSE
	EndGlobalSection
	GlobalSection(ExtensibilityGlobals) = postSolution
		SolutionGuid = {2DF2F214-FF4B-4919-8CC6-45BDAC4A9959}
	EndGlobalSection
EndGlobal
